
Microsoft Visual Studio Solution File, Format Version 12.00
# Visual Studio Version 17
VisualStudioVersion = 17.9.34728.123
MinimumVisualStudioVersion = 10.0.40219.1
Project("{9A19103F-16F7-4668-BE54-9A1E7A4F7556}") = "MasterRotas", "MasterRotas.csproj", "{C3CC74BF-82EC-48F7-AB74-84A5F5ABDAF4}"
EndProject
Project("{9A19103F-16F7-4668-BE54-9A1E7A4F7556}") = "Master.Rotas.Infra", "..\Master.Rotas.Infra\Master.Rotas.Infra.csproj", "{4411B329-2EA8-47D7-ABC4-5E2FCE4DE968}"
EndProject
Project("{9A19103F-16F7-4668-BE54-9A1E7A4F7556}") = "Master.Rotas.Dominio", "..\Master.Rotas.Dominio\Master.Rotas.Dominio.csproj", "{3157B836-07EC-4B3E-B123-D6496902704D}"
EndProject
Global
	GlobalSection(SolutionConfigurationPlatforms) = preSolution
		Debug|Any CPU = Debug|Any CPU
		Release|Any CPU = Release|Any CPU
	EndGlobalSection
	GlobalSection(ProjectConfigurationPlatforms) = postSolution
		{C3CC74BF-82EC-48F7-AB74-84A5F5ABDAF4}.Debug|Any CPU.ActiveCfg = Debug|Any CPU
		{C3CC74BF-82EC-48F7-AB74-84A5F5ABDAF4}.Debug|Any CPU.Build.0 = Debug|Any CPU
		{C3CC74BF-82EC-48F7-AB74-84A5F5ABDAF4}.Release|Any CPU.ActiveCfg = Release|Any CPU
		{C3CC74BF-82EC-48F7-AB74-84A5F5ABDAF4}.Release|Any CPU.Build.0 = Release|Any CPU
		{4411B329-2EA8-47D7-ABC4-5E2FCE4DE968}.Debug|Any CPU.ActiveCfg = Debug|Any CPU
		{4411B329-2EA8-47D7-ABC4-5E2FCE4DE968}.Debug|Any CPU.Build.0 = Debug|Any CPU
		{4411B329-2EA8-47D7-ABC4-5E2FCE4DE968}.Release|Any CPU.ActiveCfg = Release|Any CPU
		{4411B329-2EA8-47D7-ABC4-5E2FCE4DE968}.Release|Any CPU.Build.0 = Release|Any CPU
		{3157B836-07EC-4B3E-B123-D6496902704D}.Debug|Any CPU.ActiveCfg = Debug|Any CPU
		{3157B836-07EC-4B3E-B123-D6496902704D}.Debug|Any CPU.Build.0 = Debug|Any CPU
		{3157B836-07EC-4B3E-B123-D6496902704D}.Release|Any CPU.ActiveCfg = Release|Any CPU
		{3157B836-07EC-4B3E-B123-D6496902704D}.Release|Any CPU.Build.0 = Release|Any CPU
	EndGlobalSection
	GlobalSection(SolutionProperties) = preSolution
		HideSolutionNode = FALSE
	EndGlobalSection
	GlobalSection(ExtensibilityGlobals) = postSolution
		SolutionGuid = {EE349B4D-CFC9-414B-B699-BD0B8931F0F6}
	EndGlobalSection
EndGlobal
